
Microsoft Visual Studio Solution File, Format Version 12.00
# Visual Studio 15
VisualStudioVersion = 15.0.28010.2046
MinimumVisualStudioVersion = 10.0.40219.1
Project("{FAE04EC0-301F-11D3-BF4B-00C04F79EFBC}") = "BlobFileCleanup", "BlobFileCleanup\BlobFileCleanup.csproj", "{2AA4058E-C8C9-429E-B33B-0AE7100915FA}"
EndProject
Project("{FAE04EC0-301F-11D3-BF4B-00C04F79EFBC}") = "TestJSON", "TestJSON\TestJSON.csproj", "{90086648-9399-4E79-A156-0BBAEDAAA134}"
EndProject
Global
	GlobalSection(SolutionConfigurationPlatforms) = preSolution
		Debug|Any CPU = Debug|Any CPU
		Release|Any CPU = Release|Any CPU
	EndGlobalSection
	GlobalSection(ProjectConfigurationPlatforms) = postSolution
		{2AA4058E-C8C9-429E-B33B-0AE7100915FA}.Debug|Any CPU.ActiveCfg = Debug|Any CPU
		{2AA4058E-C8C9-429E-B33B-0AE7100915FA}.Debug|Any CPU.Build.0 = Debug|Any CPU
		{2AA4058E-C8C9-429E-B33B-0AE7100915FA}.Release|Any CPU.ActiveCfg = Release|Any CPU
		{2AA4058E-C8C9-429E-B33B-0AE7100915FA}.Release|Any CPU.Build.0 = Release|Any CPU
		{90086648-9399-4E79-A156-0BBAEDAAA134}.Debug|Any CPU.ActiveCfg = Debug|Any CPU
		{90086648-9399-4E79-A156-0BBAEDAAA134}.Debug|Any CPU.Build.0 = Debug|Any CPU
		{90086648-9399-4E79-A156-0BBAEDAAA134}.Release|Any CPU.ActiveCfg = Release|Any CPU
		{90086648-9399-4E79-A156-0BBAEDAAA134}.Release|Any CPU.Build.0 = Release|Any CPU
	EndGlobalSection
	GlobalSection(SolutionProperties) = preSolution
		HideSolutionNode = FALSE
	EndGlobalSection
	GlobalSection(ExtensibilityGlobals) = postSolution
		SolutionGuid = {05226656-F052-4DE1-B948-FCDCF46C8A01}
	EndGlobalSection
EndGlobal
